hash: af08d3c21aa5850d6e668abd8b8fb48509469e38e254c528286b331572d7ccc7
updated: 2018-09-08T18:07:32.886008+08:00
imports:
- name: github.com/qct/cryptocurrency-exchange-api
  version: b7002ef1121793b3b9565e4cf6dfeac53a039fee
  subpackages:
  - builder
  - chbtc
  - okcoin
  - poloniex
testImports:
- name: github.com/davecgh/go-spew
  version: d8f796af33cc11cb798c1aaeb27a4ebc5099927d
  subpackages:
  - spew
- name: github.com/pmezard/go-difflib
  version: 792786c7400a136282c1664665ae0a8db921c6c2
  subpackages:
  - difflib
- name: github.com/stretchr/testify
  version: f35b8ab0b5a2cef36673838d662e249dd9c94686
  subpackages:
  - assert
